
Microsoft Visual Studio Solution File, Format Version 12.00
# Visual Studio Version 17
VisualStudioVersion = 17.14.36511.14
MinimumVisualStudioVersion = 10.0.40219.1
Project("{FAE04EC0-301F-11D3-BF4B-00C04F79EFBC}") = "Gendelyck", "Gendelyk\Gendelyck.csproj", "{24627E05-35A0-440F-BA95-8F755F9D0782}"
EndProject
Global
	GlobalSection(SolutionConfigurationPlatforms) = preSolution
		Debug|Any CPU = Debug|Any CPU
		Release|Any CPU = Release|Any CPU
	EndGlobalSection
	GlobalSection(ProjectConfigurationPlatforms) = postSolution
		{24627E05-35A0-440F-BA95-8F755F9D0782}.Debug|Any CPU.ActiveCfg = Debug|Any CPU
		{24627E05-35A0-440F-BA95-8F755F9D0782}.Debug|Any CPU.Build.0 = Debug|Any CPU
		{24627E05-35A0-440F-BA95-8F755F9D0782}.Release|Any CPU.ActiveCfg = Release|Any CPU
		{24627E05-35A0-440F-BA95-8F755F9D0782}.Release|Any CPU.Build.0 = Release|Any CPU
	EndGlobalSection
	GlobalSection(SolutionProperties) = preSolution
		HideSolutionNode = FALSE
	EndGlobalSection
	GlobalSection(ExtensibilityGlobals) = postSolution
		SolutionGuid = {68186B1C-C4E5-40D0-B5A7-023EBEF4B2EC}
	EndGlobalSection
EndGlobal
