
Microsoft Visual Studio Solution File, Format Version 12.00
# Visual Studio Version 17
VisualStudioVersion = 17.14.36717.8 d17.14
MinimumVisualStudioVersion = 10.0.40219.1
Project("{FAE04EC0-301F-11D3-BF4B-00C04F79EFBC}") = "Modular1", "Modular1\Modular1.csproj", "{0823FF06-B5C7-4EB1-B03C-595F25AFC249}"
EndProject
Global
	GlobalSection(SolutionConfigurationPlatforms) = preSolution
		Debug|Any CPU = Debug|Any CPU
		Release|Any CPU = Release|Any CPU
	EndGlobalSection
	GlobalSection(ProjectConfigurationPlatforms) = postSolution
		{0823FF06-B5C7-4EB1-B03C-595F25AFC249}.Debug|Any CPU.ActiveCfg = Debug|Any CPU
		{0823FF06-B5C7-4EB1-B03C-595F25AFC249}.Debug|Any CPU.Build.0 = Debug|Any CPU
		{0823FF06-B5C7-4EB1-B03C-595F25AFC249}.Release|Any CPU.ActiveCfg = Release|Any CPU
		{0823FF06-B5C7-4EB1-B03C-595F25AFC249}.Release|Any CPU.Build.0 = Release|Any CPU
	EndGlobalSection
	GlobalSection(SolutionProperties) = preSolution
		HideSolutionNode = FALSE
	EndGlobalSection
	GlobalSection(ExtensibilityGlobals) = postSolution
		SolutionGuid = {9F8E954F-FCE0-4D1D-B8FE-7165CE3D0497}
	EndGlobalSection
EndGlobal
